// !$*UTF8*$!
{
	archiveVersion = 1;
	classes = {
	};
	objectVersion = 56;
	objects = {

/* Begin PBXBuildFile section */
		6A018CC52A5BD72A007BFBEF /* HorizontalSnappingController.swift in Sources */ = {isa = PBXBuildFile; fileRef = 6A018CC42A5BD72A007BFBEF /* HorizontalSnappingController.swift */; };
		6A018CC72A5BF6EA007BFBEF /* BetterSnappingLayout.swift in Sources */ = {isa = PBXBuildFile; fileRef = 6A018CC62A5BF6EA007BFBEF /* BetterSnappingLayout.swift */; };
		6A649B8F2A541A25002AB3CA /* Service.swift in Sources */ = {isa = PBXBuildFile; fileRef = 6A649B8E2A541A25002AB3CA /* Service.swift */; };
		6A7671A52A567C0A00F14384 /* AppsPageHeader.swift in Sources */ = {isa = PBXBuildFile; fileRef = 6A7671A42A567C0A00F14384 /* AppsPageHeader.swift */; };
		6A7671A72A567F1F00F14384 /* AppsHeaderHorizontalController.swift in Sources */ = {isa = PBXBuildFile; fileRef = 6A7671A62A567F1F00F14384 /* AppsHeaderHorizontalController.swift */; };
		6A7671A92A56832D00F14384 /* AppsHeaderCell.swift in Sources */ = {isa = PBXBuildFile; fileRef = 6A7671A82A56832D00F14384 /* AppsHeaderCell.swift */; };
		6A7671AB2A5695EC00F14384 /* AppGroup.swift in Sources */ = {isa = PBXBuildFile; fileRef = 6A7671AA2A5695EC00F14384 /* AppGroup.swift */; };
		6A8369AC2A56D2B100065193 /* SocialApp.swift in Sources */ = {isa = PBXBuildFile; fileRef = 6A8369AB2A56D2B100065193 /* SocialApp.swift */; };
		6A846D872A5569D500765187 /* AppRowCell.swift in Sources */ = {isa = PBXBuildFile; fileRef = 6A846D862A5569D500765187 /* AppRowCell.swift */; };
		6A846D892A556B8400765187 /* Extensions.swift in Sources */ = {isa = PBXBuildFile; fileRef = 6A846D882A556B8400765187 /* Extensions.swift */; };
		6A8A18F72A52CAA700621170 /* AppsSearchController.swift in Sources */ = {isa = PBXBuildFile; fileRef = 6A8A18F62A52CAA700621170 /* AppsSearchController.swift */; };
		6A8A18FA2A52DD2A00621170 /* SearchResultCell.swift in Sources */ = {isa = PBXBuildFile; fileRef = 6A8A18F92A52DD2A00621170 /* SearchResultCell.swift */; };
		6A92DA1B2A5539A600F66044 /* AppsPageController.swift in Sources */ = {isa = PBXBuildFile; fileRef = 6A92DA1A2A5539A600F66044 /* AppsPageController.swift */; };
		6A92DA1D2A553F1C00F66044 /* BaseListController.swift in Sources */ = {isa = PBXBuildFile; fileRef = 6A92DA1C2A553F1C00F66044 /* BaseListController.swift */; };
		6A92DA212A55464D00F66044 /* AppsGroupCell.swift in Sources */ = {isa = PBXBuildFile; fileRef = 6A92DA202A55464D00F66044 /* AppsGroupCell.swift */; };
		6A92DA232A55530200F66044 /* AppsHorizontalController.swift in Sources */ = {isa = PBXBuildFile; fileRef = 6A92DA222A55530200F66044 /* AppsHorizontalController.swift */; };
		6A9442AE2A53DE7E008ABD67 /* UIView+Layout.swift in Sources */ = {isa = PBXBuildFile; fileRef = 6A9442AD2A53DE7E008ABD67 /* UIView+Layout.swift */; };
		6A9442B02A53E61D008ABD67 /* VerticalStackView.swift in Sources */ = {isa = PBXBuildFile; fileRef = 6A9442AF2A53E61D008ABD67 /* VerticalStackView.swift */; };
		6A9442B32A53FFE7008ABD67 /* SearchResult.swift in Sources */ = {isa = PBXBuildFile; fileRef = 6A9442B22A53FFE7008ABD67 /* SearchResult.swift */; };
		6A9ACC452A529670008D9C32 /* AppDelegate.swift in Sources */ = {isa = PBXBuildFile; fileRef = 6A9ACC442A529670008D9C32 /* AppDelegate.swift */; };
		6A9ACC472A529670008D9C32 /* SceneDelegate.swift in Sources */ = {isa = PBXBuildFile; fileRef = 6A9ACC462A529670008D9C32 /* SceneDelegate.swift */; };
		6A9ACC492A529670008D9C32 /* ViewController.swift in Sources */ = {isa = PBXBuildFile; fileRef = 6A9ACC482A529670008D9C32 /* ViewController.swift */; };
		6A9ACC4C2A529670008D9C32 /* Main.storyboard in Resources */ = {isa = PBXBuildFile; fileRef = 6A9ACC4A2A529670008D9C32 /* Main.storyboard */; };
		6A9ACC4E2A529672008D9C32 /* Assets.xcassets in Resources */ = {isa = PBXBuildFile; fileRef = 6A9ACC4D2A529672008D9C32 /* Assets.xcassets */; };
		6A9ACC512A529672008D9C32 /* LaunchScreen.storyboard in Resources */ = {isa = PBXBuildFile; fileRef = 6A9ACC4F2A529672008D9C32 /* LaunchScreen.storyboard */; };
		6A9ACC592A529AF3008D9C32 /* BaseTabBarController.swift in Sources */ = {isa = PBXBuildFile; fileRef = 6A9ACC582A529AF3008D9C32 /* BaseTabBarController.swift */; };
/* End PBXBuildFile section */

/* Begin PBXFileReference section */
		6A018CC42A5BD72A007BFBEF /* HorizontalSnappingController.swift */ = {isa = PBXFileReference; lastKnownFileType = sourcecode.swift; path = HorizontalSnappingController.swift; sourceTree = "<group>"; };
		6A018CC62A5BF6EA007BFBEF /* BetterSnappingLayout.swift */ = {isa = PBXFileReference; lastKnownFileType = sourcecode.swift; path = BetterSnappingLayout.swift; sourceTree = "<group>"; };
		6A649B8E2A541A25002AB3CA /* Service.swift */ = {isa = PBXFileReference; lastKnownFileType = sourcecode.swift; path = Service.swift; sourceTree = "<group>"; };
		6A7671A42A567C0A00F14384 /* AppsPageHeader.swift */ = {isa = PBXFileReference; lastKnownFileType = sourcecode.swift; path = AppsPageHeader.swift; sourceTree = "<group>"; };
		6A7671A62A567F1F00F14384 /* AppsHeaderHorizontalController.swift */ = {isa = PBXFileReference; lastKnownFileType = sourcecode.swift; path = AppsHeaderHorizontalController.swift; sourceTree = "<group>"; };
		6A7671A82A56832D00F14384 /* AppsHeaderCell.swift */ = {isa = PBXFileReference; lastKnownFileType = sourcecode.swift; path = AppsHeaderCell.swift; sourceTree = "<group>"; };
		6A7671AA2A5695EC00F14384 /* AppGroup.swift */ = {isa = PBXFileReference; lastKnownFileType = sourcecode.swift; path = AppGroup.swift; sourceTree = "<group>"; };
		6A8369AB2A56D2B100065193 /* SocialApp.swift */ = {isa = PBXFileReference; lastKnownFileType = sourcecode.swift; path = SocialApp.swift; sourceTree = "<group>"; };
		6A846D862A5569D500765187 /* AppRowCell.swift */ = {isa = PBXFileReference; lastKnownFileType = sourcecode.swift; path = AppRowCell.swift; sourceTree = "<group>"; };
		6A846D882A556B8400765187 /* Extensions.swift */ = {isa = PBXFileReference; lastKnownFileType = sourcecode.swift; path = Extensions.swift; sourceTree = "<group>"; };
		6A8A18F62A52CAA700621170 /* AppsSearchController.swift */ = {isa = PBXFileReference; lastKnownFileType = sourcecode.swift; path = AppsSearchController.swift; sourceTree = "<group>"; };
		6A8A18F92A52DD2A00621170 /* SearchResultCell.swift */ = {isa = PBXFileReference; lastKnownFileType = sourcecode.swift; path = SearchResultCell.swift; sourceTree = "<group>"; };
		6A92DA1A2A5539A600F66044 /* AppsPageController.swift */ = {isa = PBXFileReference; lastKnownFileType = sourcecode.swift; path = AppsPageController.swift; sourceTree = "<group>"; };
		6A92DA1C2A553F1C00F66044 /* BaseListController.swift */ = {isa = PBXFileReference; lastKnownFileType = sourcecode.swift; path = BaseListController.swift; sourceTree = "<group>"; };
		6A92DA202A55464D00F66044 /* AppsGroupCell.swift */ = {isa = PBXFileReference; lastKnownFileType = sourcecode.swift; path = AppsGroupCell.swift; sourceTree = "<group>"; };
		6A92DA222A55530200F66044 /* AppsHorizontalController.swift */ = {isa = PBXFileReference; lastKnownFileType = sourcecode.swift; path = AppsHorizontalController.swift; sourceTree = "<group>"; };
		6A9442AD2A53DE7E008ABD67 /* UIView+Layout.swift */ = {isa = PBXFileReference; fileEncoding = 4; lastKnownFileType = sourcecode.swift; path = "UIView+Layout.swift"; sourceTree = "<group>"; };
		6A9442AF2A53E61D008ABD67 /* VerticalStackView.swift */ = {isa = PBXFileReference; lastKnownFileType = sourcecode.swift; path = VerticalStackView.swift; sourceTree = "<group>"; };
		6A9442B22A53FFE7008ABD67 /* SearchResult.swift */ = {isa = PBXFileReference; lastKnownFileType = sourcecode.swift; path = SearchResult.swift; sourceTree = "<group>"; };
		6A9ACC412A529670008D9C32 /* AppStore.app */ = {isa = PBXFileReference; explicitFileType = wrapper.application; includeInIndex = 0; path = AppStore.app; sourceTree = BUILT_PRODUCTS_DIR; };
		6A9ACC442A529670008D9C32 /* AppDelegate.swift */ = {isa = PBXFileReference; lastKnownFileType = sourcecode.swift; path = AppDelegate.swift; sourceTree = "<group>"; };
		6A9ACC462A529670008D9C32 /* SceneDelegate.swift */ = {isa = PBXFileReference; lastKnownFileType = sourcecode.swift; path = SceneDelegate.swift; sourceTree = "<group>"; };
		6A9ACC482A529670008D9C32 /* ViewController.swift */ = {isa = PBXFileReference; lastKnownFileType = sourcecode.swift; path = ViewController.swift; sourceTree = "<group>"; };
		6A9ACC4B2A529670008D9C32 /* Base */ = {isa = PBXFileReference; lastKnownFileType = file.storyboard; name = Base; path = Base.lproj/Main.storyboard; sourceTree = "<group>"; };
		6A9ACC4D2A529672008D9C32 /* Assets.xcassets */ = {isa = PBXFileReference; lastKnownFileType = folder.assetcatalog; path = Assets.xcassets; sourceTree = "<group>"; };
		6A9ACC502A529672008D9C32 /* Base */ = {isa = PBXFileReference; lastKnownFileType = file.storyboard; name = Base; path = Base.lproj/LaunchScreen.storyboard; sourceTree = "<group>"; };
		6A9ACC522A529672008D9C32 /* Info.plist */ = {isa = PBXFileReference; lastKnownFileType = text.plist.xml; path = Info.plist; sourceTree = "<group>"; };
		6A9ACC582A529AF3008D9C32 /* BaseTabBarController.swift */ = {isa = PBXFileReference; lastKnownFileType = sourcecode.swift; path = BaseTabBarController.swift; sourceTree = "<group>"; };
/* End PBXFileReference section */

/* Begin PBXFrameworksBuildPhase section */
		6A9ACC3E2A529670008D9C32 /* Frameworks */ = {
			isa = PBXFrameworksBuildPhase;
			buildActionMask = 2147483647;
			files = (
			);
			runOnlyForDeploymentPostprocessing = 0;
		};
/* End PBXFrameworksBuildPhase section */

/* Begin PBXGroup section */
		6A649B8D2A541A07002AB3CA /* Service */ = {
			isa = PBXGroup;
			children = (
				6A649B8E2A541A25002AB3CA /* Service.swift */,
			);
			path = Service;
			sourceTree = "<group>";
		};
		6A8A18F52A52CA6700621170 /* Controllers */ = {
			isa = PBXGroup;
			children = (
				6A92DA1E2A55460F00F66044 /* Search */,
				6A92DA192A55397800F66044 /* Apps */,
				6A9ACC582A529AF3008D9C32 /* BaseTabBarController.swift */,
				6A92DA1C2A553F1C00F66044 /* BaseListController.swift */,
				6A018CC42A5BD72A007BFBEF /* HorizontalSnappingController.swift */,
			);
			path = Controllers;
			sourceTree = "<group>";
		};
		6A8A18F82A52DCC100621170 /* Views */ = {
			isa = PBXGroup;
			children = (
				6A92DA1F2A55463300F66044 /* Apps */,
				6A8A18F92A52DD2A00621170 /* SearchResultCell.swift */,
			);
			path = Views;
			sourceTree = "<group>";
		};
		6A92DA192A55397800F66044 /* Apps */ = {
			isa = PBXGroup;
			children = (
				6A92DA1A2A5539A600F66044 /* AppsPageController.swift */,
				6A92DA222A55530200F66044 /* AppsHorizontalController.swift */,
				6A7671A62A567F1F00F14384 /* AppsHeaderHorizontalController.swift */,
			);
			path = Apps;
			sourceTree = "<group>";
		};
		6A92DA1E2A55460F00F66044 /* Search */ = {
			isa = PBXGroup;
			children = (
				6A8A18F62A52CAA700621170 /* AppsSearchController.swift */,
			);
			path = Search;
			sourceTree = "<group>";
		};
		6A92DA1F2A55463300F66044 /* Apps */ = {
			isa = PBXGroup;
			children = (
				6A92DA202A55464D00F66044 /* AppsGroupCell.swift */,
				6A846D862A5569D500765187 /* AppRowCell.swift */,
				6A7671A42A567C0A00F14384 /* AppsPageHeader.swift */,
				6A7671A82A56832D00F14384 /* AppsHeaderCell.swift */,
			);
			path = Apps;
			sourceTree = "<group>";
		};
		6A9442AC2A53DDA6008ABD67 /* Helpers */ = {
			isa = PBXGroup;
			children = (
				6A9442AD2A53DE7E008ABD67 /* UIView+Layout.swift */,
				6A9442AF2A53E61D008ABD67 /* VerticalStackView.swift */,
				6A846D882A556B8400765187 /* Extensions.swift */,
				6A018CC62A5BF6EA007BFBEF /* BetterSnappingLayout.swift */,
			);
			path = Helpers;
			sourceTree = "<group>";
		};
		6A9442B12A53FFC6008ABD67 /* Model */ = {
			isa = PBXGroup;
			children = (
				6A9442B22A53FFE7008ABD67 /* SearchResult.swift */,
				6A7671AA2A5695EC00F14384 /* AppGroup.swift */,
				6A8369AB2A56D2B100065193 /* SocialApp.swift */,
			);
			path = Model;
			sourceTree = "<group>";
		};
		6A9ACC382A529670008D9C32 = {
			isa = PBXGroup;
			children = (
				6A9ACC432A529670008D9C32 /* AppStore */,
				6A9ACC422A529670008D9C32 /* Products */,
			);
			sourceTree = "<group>";
		};
		6A9ACC422A529670008D9C32 /* Products */ = {
			isa = PBXGroup;
			children = (
				6A9ACC412A529670008D9C32 /* AppStore.app */,
			);
			name = Products;
			sourceTree = "<group>";
		};
		6A9ACC432A529670008D9C32 /* AppStore */ = {
			isa = PBXGroup;
			children = (
				6A649B8D2A541A07002AB3CA /* Service */,
				6A9442B12A53FFC6008ABD67 /* Model */,
				6A9442AC2A53DDA6008ABD67 /* Helpers */,
				6A8A18F82A52DCC100621170 /* Views */,
				6A8A18F52A52CA6700621170 /* Controllers */,
				6A9ACC442A529670008D9C32 /* AppDelegate.swift */,
				6A9ACC462A529670008D9C32 /* SceneDelegate.swift */,
				6A9ACC482A529670008D9C32 /* ViewController.swift */,
				6A9ACC4A2A529670008D9C32 /* Main.storyboard */,
				6A9ACC4D2A529672008D9C32 /* Assets.xcassets */,
				6A9ACC4F2A529672008D9C32 /* LaunchScreen.storyboard */,
				6A9ACC522A529672008D9C32 /* Info.plist */,
			);
			path = AppStore;
			sourceTree = "<group>";
		};
/* End PBXGroup section */

/* Begin PBXNativeTarget section */
		6A9ACC402A529670008D9C32 /* AppStore */ = {
			isa = PBXNativeTarget;
			buildConfigurationList = 6A9ACC552A529672008D9C32 /* Build configuration list for PBXNativeTarget "AppStore" */;
			buildPhases = (
				6A9ACC3D2A529670008D9C32 /* Sources */,
				6A9ACC3E2A529670008D9C32 /* Frameworks */,
				6A9ACC3F2A529670008D9C32 /* Resources */,
			);
			buildRules = (
			);
			dependencies = (
			);
			name = AppStore;
			productName = AppStore;
			productReference = 6A9ACC412A529670008D9C32 /* AppStore.app */;
			productType = "com.apple.product-type.application";
		};
/* End PBXNativeTarget section */

/* Begin PBXProject section */
		6A9ACC392A529670008D9C32 /* Project object */ = {
			isa = PBXProject;
			attributes = {
				BuildIndependentTargetsInParallel = 1;
				LastSwiftUpdateCheck = 1430;
				LastUpgradeCheck = 1430;
				TargetAttributes = {
					6A9ACC402A529670008D9C32 = {
						CreatedOnToolsVersion = 14.3;
					};
				};
			};
			buildConfigurationList = 6A9ACC3C2A529670008D9C32 /* Build configuration list for PBXProject "AppStore" */;
			compatibilityVersion = "Xcode 14.0";
			developmentRegion = en;
			hasScannedForEncodings = 0;
			knownRegions = (
				en,
				Base,
			);
			mainGroup = 6A9ACC382A529670008D9C32;
			productRefGroup = 6A9ACC422A529670008D9C32 /* Products */;
			projectDirPath = "";
			projectRoot = "";
			targets = (
				6A9ACC402A529670008D9C32 /* AppStore */,
			);
		};
/* End PBXProject section */

/* Begin PBXResourcesBuildPhase section */
		6A9ACC3F2A529670008D9C32 /* Resources */ = {
			isa = PBXResourcesBuildPhase;
			buildActionMask = 2147483647;
			files = (
				6A9ACC512A529672008D9C32 /* LaunchScreen.storyboard in Resources */,
				6A9ACC4E2A529672008D9C32 /* Assets.xcassets in Resources */,
				6A9ACC4C2A529670008D9C32 /* Main.storyboard in Resources */,
			);
			runOnlyForDeploymentPostprocessing = 0;
		};
/* End PBXResourcesBuildPhase section */

/* Begin PBXSourcesBuildPhase section */
		6A9ACC3D2A529670008D9C32 /* Sources */ = {
			isa = PBXSourcesBuildPhase;
			buildActionMask = 2147483647;
			files = (
				6A9ACC492A529670008D9C32 /* ViewController.swift in Sources */,
				6A8369AC2A56D2B100065193 /* SocialApp.swift in Sources */,
				6A92DA1B2A5539A600F66044 /* AppsPageController.swift in Sources */,
				6A9442B32A53FFE7008ABD67 /* SearchResult.swift in Sources */,
				6A9ACC452A529670008D9C32 /* AppDelegate.swift in Sources */,
				6A9ACC472A529670008D9C32 /* SceneDelegate.swift in Sources */,
				6A8A18F72A52CAA700621170 /* AppsSearchController.swift in Sources */,
				6A92DA212A55464D00F66044 /* AppsGroupCell.swift in Sources */,
				6A8A18FA2A52DD2A00621170 /* SearchResultCell.swift in Sources */,
				6A018CC52A5BD72A007BFBEF /* HorizontalSnappingController.swift in Sources */,
				6A018CC72A5BF6EA007BFBEF /* BetterSnappingLayout.swift in Sources */,
				6A9442B02A53E61D008ABD67 /* VerticalStackView.swift in Sources */,
				6A649B8F2A541A25002AB3CA /* Service.swift in Sources */,
				6A7671A72A567F1F00F14384 /* AppsHeaderHorizontalController.swift in Sources */,
				6A7671A52A567C0A00F14384 /* AppsPageHeader.swift in Sources */,
				6A9442AE2A53DE7E008ABD67 /* UIView+Layout.swift in Sources */,
				6A846D892A556B8400765187 /* Extensions.swift in Sources */,
				6A92DA1D2A553F1C00F66044 /* BaseListController.swift in Sources */,
				6A7671AB2A5695EC00F14384 /* AppGroup.swift in Sources */,
				6A7671A92A56832D00F14384 /* AppsHeaderCell.swift in Sources */,
				6A9ACC592A529AF3008D9C32 /* BaseTabBarController.swift in Sources */,
				6A92DA232A55530200F66044 /* AppsHorizontalController.swift in Sources */,
				6A846D872A5569D500765187 /* AppRowCell.swift in Sources */,
			);
			runOnlyForDeploymentPostprocessing = 0;
		};
/* End PBXSourcesBuildPhase section */

/* Begin PBXVariantGroup section */
		6A9ACC4A2A529670008D9C32 /* Main.storyboard */ = {
			isa = PBXVariantGroup;
			children = (
				6A9ACC4B2A529670008D9C32 /* Base */,
			);
			name = Main.storyboard;
			sourceTree = "<group>";
		};
		6A9ACC4F2A529672008D9C32 /* LaunchScreen.storyboard */ = {
			isa = PBXVariantGroup;
			children = (
				6A9ACC502A529672008D9C32 /* Base */,
			);
			name = LaunchScreen.storyboard;
			sourceTree = "<group>";
		};
/* End PBXVariantGroup section */

/* Begin XCBuildConfiguration section */
		6A9ACC532A529672008D9C32 /* Debug */ = {
			isa = XCBuildConfiguration;
			buildSettings = {
				ALWAYS_SEARCH_USER_PATHS = NO;
				CLANG_ANALYZER_NONNULL = YES;
				CLANG_ANALYZER_NUMBER_OBJECT_CONVERSION = YES_AGGRESSIVE;
				CLANG_CXX_LANGUAGE_STANDARD = "gnu++20";
				CLANG_ENABLE_MODULES = YES;
				CLANG_ENABLE_OBJC_ARC = YES;
				CLANG_ENABLE_OBJC_WEAK = YES;
				CLANG_WARN_BLOCK_CAPTURE_AUTORELEASING = YES;
				CLANG_WARN_BOOL_CONVERSION = YES;
				CLANG_WARN_COMMA = YES;
				CLANG_WARN_CONSTANT_CONVERSION = YES;
				CLANG_WARN_DEPRECATED_OBJC_IMPLEMENTATIONS = YES;
				CLANG_WARN_DIRECT_OBJC_ISA_USAGE = YES_ERROR;
				CLANG_WARN_DOCUMENTATION_COMMENTS = YES;
				CLANG_WARN_EMPTY_BODY = YES;
				CLANG_WARN_ENUM_CONVERSION = YES;
				CLANG_WARN_INFINITE_RECURSION = YES;
				CLANG_WARN_INT_CONVERSION = YES;
				CLANG_WARN_NON_LITERAL_NULL_CONVERSION = YES;
				CLANG_WARN_OBJC_IMPLICIT_RETAIN_SELF = YES;
				CLANG_WARN_OBJC_LITERAL_CONVERSION = YES;
				CLANG_WARN_OBJC_ROOT_CLASS = YES_ERROR;
				CLANG_WARN_QUOTED_INCLUDE_IN_FRAMEWORK_HEADER = YES;
				CLANG_WARN_RANGE_LOOP_ANALYSIS = YES;
				CLANG_WARN_STRICT_PROTOTYPES = YES;
				CLANG_WARN_SUSPICIOUS_MOVE = YES;
				CLANG_WARN_UNGUARDED_AVAILABILITY = YES_AGGRESSIVE;
				CLANG_WARN_UNREACHABLE_CODE = YES;
				CLANG_WARN__DUPLICATE_METHOD_MATCH = YES;
				COPY_PHASE_STRIP = NO;
				DEBUG_INFORMATION_FORMAT = dwarf;
				ENABLE_STRICT_OBJC_MSGSEND = YES;
				ENABLE_TESTABILITY = YES;
				GCC_C_LANGUAGE_STANDARD = gnu11;
				GCC_DYNAMIC_NO_PIC = NO;
				GCC_NO_COMMON_BLOCKS = YES;
				GCC_OPTIMIZATION_LEVEL = 0;
				GCC_PREPROCESSOR_DEFINITIONS = (
					"DEBUG=1",
					"$(inherited)",
				);
				GCC_WARN_64_TO_32_BIT_CONVERSION = YES;
				GCC_WARN_ABOUT_RETURN_TYPE = YES_ERROR;
				GCC_WARN_UNDECLARED_SELECTOR = YES;
				GCC_WARN_UNINITIALIZED_AUTOS = YES_AGGRESSIVE;
				GCC_WARN_UNUSED_FUNCTION = YES;
				GCC_WARN_UNUSED_VARIABLE = YES;
				IPHONEOS_DEPLOYMENT_TARGET = 16.4;
				MTL_ENABLE_DEBUG_INFO = INCLUDE_SOURCE;
				MTL_FAST_MATH = YES;
				ONLY_ACTIVE_ARCH = YES;
				SDKROOT = iphoneos;
				SWIFT_ACTIVE_COMPILATION_CONDITIONS = DEBUG;
				SWIFT_OPTIMIZATION_LEVEL = "-Onone";
			};
			name = Debug;
		};
		6A9ACC542A529672008D9C32 /* Release */ = {
			isa = XCBuildConfiguration;
			buildSettings = {
				ALWAYS_SEARCH_USER_PATHS = NO;
				CLANG_ANALYZER_NONNULL = YES;
				CLANG_ANALYZER_NUMBER_OBJECT_CONVERSION = YES_AGGRESSIVE;
				CLANG_CXX_LANGUAGE_STANDARD = "gnu++20";
				CLANG_ENABLE_MODULES = YES;
				CLANG_ENABLE_OBJC_ARC = YES;
				CLANG_ENABLE_OBJC_WEAK = YES;
				CLANG_WARN_BLOCK_CAPTURE_AUTORELEASING = YES;
				CLANG_WARN_BOOL_CONVERSION = YES;
				CLANG_WARN_COMMA = YES;
				CLANG_WARN_CONSTANT_CONVERSION = YES;
				CLANG_WARN_DEPRECATED_OBJC_IMPLEMENTATIONS = YES;
				CLANG_WARN_DIRECT_OBJC_ISA_USAGE = YES_ERROR;
				CLANG_WARN_DOCUMENTATION_COMMENTS = YES;
				CLANG_WARN_EMPTY_BODY = YES;
				CLANG_WARN_ENUM_CONVERSION = YES;
				CLANG_WARN_INFINITE_RECURSION = YES;
				CLANG_WARN_INT_CONVERSION = YES;
				CLANG_WARN_NON_LITERAL_NULL_CONVERSION = YES;
				CLANG_WARN_OBJC_IMPLICIT_RETAIN_SELF = YES;
				CLANG_WARN_OBJC_LITERAL_CONVERSION = YES;
				CLANG_WARN_OBJC_ROOT_CLASS = YES_ERROR;
				CLANG_WARN_QUOTED_INCLUDE_IN_FRAMEWORK_HEADER = YES;
				CLANG_WARN_RANGE_LOOP_ANALYSIS = YES;
				CLANG_WARN_STRICT_PROTOTYPES = YES;
				CLANG_WARN_SUSPICIOUS_MOVE = YES;
				CLANG_WARN_UNGUARDED_AVAILABILITY = YES_AGGRESSIVE;
				CLANG_WARN_UNREACHABLE_CODE = YES;
				CLANG_WARN__DUPLICATE_METHOD_MATCH = YES;
				COPY_PHASE_STRIP = NO;
				DEBUG_INFORMATION_FORMAT = "dwarf-with-dsym";
				ENABLE_NS_ASSERTIONS = NO;
				ENABLE_STRICT_OBJC_MSGSEND = YES;
				GCC_C_LANGUAGE_STANDARD = gnu11;
				GCC_NO_COMMON_BLOCKS = YES;
				GCC_WARN_64_TO_32_BIT_CONVERSION = YES;
				GCC_WARN_ABOUT_RETURN_TYPE = YES_ERROR;
				GCC_WARN_UNDECLARED_SELECTOR = YES;
				GCC_WARN_UNINITIALIZED_AUTOS = YES_AGGRESSIVE;
				GCC_WARN_UNUSED_FUNCTION = YES;
				GCC_WARN_UNUSED_VARIABLE = YES;
				IPHONEOS_DEPLOYMENT_TARGET = 16.4;
				MTL_ENABLE_DEBUG_INFO = NO;
				MTL_FAST_MATH = YES;
				SDKROOT = iphoneos;
				SWIFT_COMPILATION_MODE = wholemodule;
				SWIFT_OPTIMIZATION_LEVEL = "-O";
				VALIDATE_PRODUCT = YES;
			};
			name = Release;
		};
		6A9ACC562A529672008D9C32 /* Debug */ = {
			isa = XCBuildConfiguration;
			buildSettings = {
				ASSETCATALOG_COMPILER_APPICON_NAME = AppIcon;
				ASSETCATALOG_COMPILER_GLOBAL_ACCENT_COLOR_NAME = AccentColor;
				CODE_SIGN_STYLE = Automatic;
				CURRENT_PROJECT_VERSION = 1;
				DEVELOPMENT_TEAM = M937Z35NWS;
				GENERATE_INFOPLIST_FILE = YES;
				INFOPLIST_FILE = AppStore/Info.plist;
				INFOPLIST_KEY_UIApplicationSupportsIndirectInputEvents = YES;
				INFOPLIST_KEY_UILaunchStoryboardName = LaunchScreen;
				INFOPLIST_KEY_UIMainStoryboardFile = Main;
				INFOPLIST_KEY_UISupportedInterfaceOrientations_iPad = "UIInterfaceOrientationPortrait UIInterfaceOrientationPortraitUpsideDown UIInterfaceOrientationLandscapeLeft UIInterfaceOrientationLandscapeRight";
				INFOPLIST_KEY_UISupportedInterfaceOrientations_iPhone = "UIInterfaceOrientationPortrait UIInterfaceOrientationLandscapeLeft UIInterfaceOrientationLandscapeRight";
				LD_RUNPATH_SEARCH_PATHS = (
					"$(inherited)",
					"@executable_path/Frameworks",
				);
				MARKETING_VERSION = 1.0;
				PRODUCT_BUNDLE_IDENTIFIER = com.example.AppStore;
				PRODUCT_NAME = "$(TARGET_NAME)";
				SWIFT_EMIT_LOC_STRINGS = YES;
				SWIFT_VERSION = 5.0;
				TARGETED_DEVICE_FAMILY = "1,2";
			};
			name = Debug;
		};
		6A9ACC572A529672008D9C32 /* Release */ = {
			isa = XCBuildConfiguration;
			buildSettings = {
				ASSETCATALOG_COMPILER_APPICON_NAME = AppIcon;
				ASSETCATALOG_COMPILER_GLOBAL_ACCENT_COLOR_NAME = AccentColor;
				CODE_SIGN_STYLE = Automatic;
				CURRENT_PROJECT_VERSION = 1;
				DEVELOPMENT_TEAM = M937Z35NWS;
				GENERATE_INFOPLIST_FILE = YES;
				INFOPLIST_FILE = AppStore/Info.plist;
				INFOPLIST_KEY_UIApplicationSupportsIndirectInputEvents = YES;
				INFOPLIST_KEY_UILaunchStoryboardName = LaunchScreen;
				INFOPLIST_KEY_UIMainStoryboardFile = Main;
				INFOPLIST_KEY_UISupportedInterfaceOrientations_iPad = "UIInterfaceOrientationPortrait UIInterfaceOrientationPortraitUpsideDown UIInterfaceOrientationLandscapeLeft UIInterfaceOrientationLandscapeRight";
				INFOPLIST_KEY_UISupportedInterfaceOrientations_iPhone = "UIInterfaceOrientationPortrait UIInterfaceOrientationLandscapeLeft UIInterfaceOrientationLandscapeRight";
				LD_RUNPATH_SEARCH_PATHS = (
					"$(inherited)",
					"@executable_path/Frameworks",
				);
				MARKETING_VERSION = 1.0;
				PRODUCT_BUNDLE_IDENTIFIER = com.example.AppStore;
				PRODUCT_NAME = "$(TARGET_NAME)";
				SWIFT_EMIT_LOC_STRINGS = YES;
				SWIFT_VERSION = 5.0;
				TARGETED_DEVICE_FAMILY = "1,2";
			};
			name = Release;
		};
/* End XCBuildConfiguration section */

/* Begin XCConfigurationList section */
		6A9ACC3C2A529670008D9C32 /* Build configuration list for PBXProject "AppStore" */ = {
			isa = XCConfigurationList;
			buildConfigurations = (
				6A9ACC532A529672008D9C32 /* Debug */,
				6A9ACC542A529672008D9C32 /* Release */,
			);
			defaultConfigurationIsVisible = 0;
			defaultConfigurationName = Release;
		};
		6A9ACC552A529672008D9C32 /* Build configuration list for PBXNativeTarget "AppStore" */ = {
			isa = XCConfigurationList;
			buildConfigurations = (
				6A9ACC562A529672008D9C32 /* Debug */,
				6A9ACC572A529672008D9C32 /* Release */,
			);
			defaultConfigurationIsVisible = 0;
			defaultConfigurationName = Release;
		};
/* End XCConfigurationList section */
	};
	rootObject = 6A9ACC392A529670008D9C32 /* Project object */;
}
